
Microsoft Visual Studio Solution File, Format Version 12.00
# Visual Studio Version 17
VisualStudioVersion = 17.6.33829.357
MinimumVisualStudioVersion = 10.0.40219.1
Project("{FAE04EC0-301F-11D3-BF4B-00C04F79EFBC}") = "BlazorApp1", "BlazorApp1.csproj", "{64CB5F77-2C13-4418-80A3-D084A48FD917}"
EndProject
Global
	GlobalSection(SolutionConfigurationPlatforms) = preSolution
		Debug|Any CPU = Debug|Any CPU
		Release|Any CPU = Release|Any CPU
	EndGlobalSection
	GlobalSection(ProjectConfigurationPlatforms) = postSolution
		{64CB5F77-2C13-4418-80A3-D084A48FD917}.Debug|Any CPU.ActiveCfg = Debug|Any CPU
		{64CB5F77-2C13-4418-80A3-D084A48FD917}.Debug|Any CPU.Build.0 = Debug|Any CPU
		{64CB5F77-2C13-4418-80A3-D084A48FD917}.Release|Any CPU.ActiveCfg = Release|Any CPU
		{64CB5F77-2C13-4418-80A3-D084A48FD917}.Release|Any CPU.Build.0 = Release|Any CPU
	EndGlobalSection
	GlobalSection(SolutionProperties) = preSolution
		HideSolutionNode = FALSE
	EndGlobalSection
	GlobalSection(ExtensibilityGlobals) = postSolution
		SolutionGuid = {819C6F37-D218-4B34-9BA6-E506D960667C}
	EndGlobalSection
EndGlobal
